
Microsoft Visual Studio Solution File, Format Version 12.00
# Visual Studio Version 16
VisualStudioVersion = 16.0.32510.428
MinimumVisualStudioVersion = 10.0.40219.1
Project("{9A19103F-16F7-4668-BE54-9A1E7A4F7556}") = "DemoCasoPracticoShigui", "DemoCasoPracticoShigui\DemoCasoPracticoShigui.csproj", "{135F44E6-0975-48B1-86D6-F105C851307D}"
EndProject
Project("{9A19103F-16F7-4668-BE54-9A1E7A4F7556}") = "TestDemoApi", "TestDemoApi\TestDemoApi.csproj", "{B1083340-A00A-4A2D-8E45-FD2D6E197CE2}"
EndProject
Global
	GlobalSection(SolutionConfigurationPlatforms) = preSolution
		Debug|Any CPU = Debug|Any CPU
		Release|Any CPU = Release|Any CPU
	EndGlobalSection
	GlobalSection(ProjectConfigurationPlatforms) = postSolution
		{135F44E6-0975-48B1-86D6-F105C851307D}.Debug|Any CPU.ActiveCfg = Debug|Any CPU
		{135F44E6-0975-48B1-86D6-F105C851307D}.Debug|Any CPU.Build.0 = Debug|Any CPU
		{135F44E6-0975-48B1-86D6-F105C851307D}.Release|Any CPU.ActiveCfg = Release|Any CPU
		{135F44E6-0975-48B1-86D6-F105C851307D}.Release|Any CPU.Build.0 = Release|Any CPU
		{B1083340-A00A-4A2D-8E45-FD2D6E197CE2}.Debug|Any CPU.ActiveCfg = Debug|Any CPU
		{B1083340-A00A-4A2D-8E45-FD2D6E197CE2}.Debug|Any CPU.Build.0 = Debug|Any CPU
		{B1083340-A00A-4A2D-8E45-FD2D6E197CE2}.Release|Any CPU.ActiveCfg = Release|Any CPU
		{B1083340-A00A-4A2D-8E45-FD2D6E197CE2}.Release|Any CPU.Build.0 = Release|Any CPU
	EndGlobalSection
	GlobalSection(SolutionProperties) = preSolution
		HideSolutionNode = FALSE
	EndGlobalSection
	GlobalSection(ExtensibilityGlobals) = postSolution
		SolutionGuid = {0AF190FE-E532-47EF-859F-98BB74E224B0}
	EndGlobalSection
EndGlobal
